{
    "_meta": {
        "hash": {
            "sha256": "27d99ece79dfc149688cc3c4c3b3c02b4bc40e5d9917d50395e195bdad7e7087"
        },
        "pipfile-spec": 6,
        "requires": {
            "python_version": "3.9"
        },
        "sources": [
            {
                "name": "pypi",
                "url": "https://pypi.org/simple",
                "verify_ssl": true
            }
        ]
    },
    "default": {
        "pyjokes": {
            "hashes": [
                "sha256:08860eedb78cbfa4618243c8db088f21c39823ece1fdaf0133e52d9c56e981a5",
                "sha256:70b6125186dee5845038505cd16b5e09250da46c730e36b44ffd870e3c81aaaa"
            ],
            "index": "pypi",
            "version": "==0.6.0"
        }
    },
    "develop": {}
}
